// !$*UTF8*$!
{
	archiveVersion = 1;
	classes = {
	};
	objectVersion = 45;
	objects = {

/* Begin PBXBuildFile section */
		6F1DC0801227E24400E6B259 /* Fader.cpp in Sources */ = {isa = PBXBuildFile; fileRef = 6F1DC07F1227E24400E6B259 /* Fader.cpp */; };
		6FB8881E1226A28100DAD45F /* IpEndpointName.cpp in Sources */ = {isa = PBXBuildFile; fileRef = 6FB888021226A28100DAD45F /* IpEndpointName.cpp */; };
		6FB8881F1226A28100DAD45F /* NetworkingUtils.cpp in Sources */ = {isa = PBXBuildFile; fileRef = 6FB888071226A28100DAD45F /* NetworkingUtils.cpp */; };
		6FB888201226A28100DAD45F /* UdpSocket.cpp in Sources */ = {isa = PBXBuildFile; fileRef = 6FB888081226A28100DAD45F /* UdpSocket.cpp */; };
		6FB888231226A28100DAD45F /* OscOutboundPacketStream.cpp in Sources */ = {isa = PBXBuildFile; fileRef = 6FB888131226A28100DAD45F /* OscOutboundPacketStream.cpp */; };
		6FB888241226A28100DAD45F /* OscPrintReceivedElements.cpp in Sources */ = {isa = PBXBuildFile; fileRef = 6FB888161226A28100DAD45F /* OscPrintReceivedElements.cpp */; };
		6FB888251226A28100DAD45F /* OscReceivedElements.cpp in Sources */ = {isa = PBXBuildFile; fileRef = 6FB888181226A28100DAD45F /* OscReceivedElements.cpp */; };
		6FB888261226A28100DAD45F /* OscTypes.cpp in Sources */ = {isa = PBXBuildFile; fileRef = 6FB8881A1226A28100DAD45F /* OscTypes.cpp */; };
		6FB888331226A28B00DAD45F /* TuioClient.cpp in Sources */ = {isa = PBXBuildFile; fileRef = 6FB888281226A28A00DAD45F /* TuioClient.cpp */; };
		6FB888341226A28B00DAD45F /* TuioServer.cpp in Sources */ = {isa = PBXBuildFile; fileRef = 6FB8882F1226A28B00DAD45F /* TuioServer.cpp */; };
		6FB888351226A28B00DAD45F /* TuioTime.cpp in Sources */ = {isa = PBXBuildFile; fileRef = 6FB888311226A28B00DAD45F /* TuioTime.cpp */; };
		6FB888381226A2A400DAD45F /* View.cpp in Sources */ = {isa = PBXBuildFile; fileRef = 6FB888361226A2A400DAD45F /* View.cpp */; };
		6FB888431226A2B000DAD45F /* Application.cpp in Sources */ = {isa = PBXBuildFile; fileRef = 6FB888391226A2B000DAD45F /* Application.cpp */; };
		6FB888441226A2B000DAD45F /* Cursor.cpp in Sources */ = {isa = PBXBuildFile; fileRef = 6FB8883B1226A2B000DAD45F /* Cursor.cpp */; };
		6FB888451226A2B000DAD45F /* Manager.cpp in Sources */ = {isa = PBXBuildFile; fileRef = 6FB8883D1226A2B000DAD45F /* Manager.cpp */; };
		6FB888461226A2B000DAD45F /* Object.cpp in Sources */ = {isa = PBXBuildFile; fileRef = 6FB8883F1226A2B000DAD45F /* Object.cpp */; };
		6FB888471226A2B000DAD45F /* DemoApp.cpp in Sources */ = {isa = PBXBuildFile; fileRef = 6FB888411226A2B000DAD45F /* DemoApp.cpp */; };
		6FB8884A1226A2C300DAD45F /* GLUT.framework in Frameworks */ = {isa = PBXBuildFile; fileRef = 6FB888491226A2C300DAD45F /* GLUT.framework */; };
		6FB8884C1226A2C300DAD45F /* OpenGL.framework in Frameworks */ = {isa = PBXBuildFile; fileRef = 6FB8884B1226A2C300DAD45F /* OpenGL.framework */; };
		6FB888D71226B5BB00DAD45F /* helpers.cpp in Sources */ = {isa = PBXBuildFile; fileRef = 6FB888D61226B5BB00DAD45F /* helpers.cpp */; };
		6FCFE733122D553900950436 /* DirectedConnection.cpp in Sources */ = {isa = PBXBuildFile; fileRef = 6FCFE732122D553900950436 /* DirectedConnection.cpp */; };
		6FEFBD4E12284D2F0097DBB7 /* stb_image.c in Sources */ = {isa = PBXBuildFile; fileRef = 6FEFBD4D12284D2F0097DBB7 /* stb_image.c */; };
		6FF33CA3122B17DA00390F48 /* circle200.png in Resources */ = {isa = PBXBuildFile; fileRef = 6FF33C8D122B17DA00390F48 /* circle200.png */; };
		6FF33CA4122B17DA00390F48 /* circle200blur.png in Resources */ = {isa = PBXBuildFile; fileRef = 6FF33C8E122B17DA00390F48 /* circle200blur.png */; };
		6FF33CA5122B17DA00390F48 /* 0.png in Resources */ = {isa = PBXBuildFile; fileRef = 6FF33C90122B17DA00390F48 /* 0.png */; };
		6FF33CA6122B17DA00390F48 /* 1.png in Resources */ = {isa = PBXBuildFile; fileRef = 6FF33C91122B17DA00390F48 /* 1.png */; };
		6FF33CA7122B17DA00390F48 /* 10.png in Resources */ = {isa = PBXBuildFile; fileRef = 6FF33C92122B17DA00390F48 /* 10.png */; };
		6FF33CA8122B17DA00390F48 /* 11.png in Resources */ = {isa = PBXBuildFile; fileRef = 6FF33C93122B17DA00390F48 /* 11.png */; };
		6FF33CA9122B17DA00390F48 /* 12.png in Resources */ = {isa = PBXBuildFile; fileRef = 6FF33C94122B17DA00390F48 /* 12.png */; };
		6FF33CAA122B17DA00390F48 /* 13.png in Resources */ = {isa = PBXBuildFile; fileRef = 6FF33C95122B17DA00390F48 /* 13.png */; };
		6FF33CAB122B17DA00390F48 /* 14.png in Resources */ = {isa = PBXBuildFile; fileRef = 6FF33C96122B17DA00390F48 /* 14.png */; };
		6FF33CAC122B17DA00390F48 /* 15.png in Resources */ = {isa = PBXBuildFile; fileRef = 6FF33C97122B17DA00390F48 /* 15.png */; };
		6FF33CAD122B17DA00390F48 /* 16.png in Resources */ = {isa = PBXBuildFile; fileRef = 6FF33C98122B17DA00390F48 /* 16.png */; };
		6FF33CAE122B17DA00390F48 /* 2.png in Resources */ = {isa = PBXBuildFile; fileRef = 6FF33C99122B17DA00390F48 /* 2.png */; };
		6FF33CAF122B17DA00390F48 /* 3.png in Resources */ = {isa = PBXBuildFile; fileRef = 6FF33C9A122B17DA00390F48 /* 3.png */; };
		6FF33CB0122B17DA00390F48 /* 4.png in Resources */ = {isa = PBXBuildFile; fileRef = 6FF33C9B122B17DA00390F48 /* 4.png */; };
		6FF33CB1122B17DA00390F48 /* 5.png in Resources */ = {isa = PBXBuildFile; fileRef = 6FF33C9C122B17DA00390F48 /* 5.png */; };
		6FF33CB2122B17DA00390F48 /* 6.png in Resources */ = {isa = PBXBuildFile; fileRef = 6FF33C9D122B17DA00390F48 /* 6.png */; };
		6FF33CB3122B17DA00390F48 /* 7.png in Resources */ = {isa = PBXBuildFile; fileRef = 6FF33C9E122B17DA00390F48 /* 7.png */; };
		6FF33CB4122B17DA00390F48 /* 8.png in Resources */ = {isa = PBXBuildFile; fileRef = 6FF33C9F122B17DA00390F48 /* 8.png */; };
		6FF33CB5122B17DA00390F48 /* 9.png in Resources */ = {isa = PBXBuildFile; fileRef = 6FF33CA0122B17DA00390F48 /* 9.png */; };
		6FF33CB6122B17DA00390F48 /* flare.png in Resources */ = {isa = PBXBuildFile; fileRef = 6FF33CA1122B17DA00390F48 /* flare.png */; };
		6FF33CB7122B17DA00390F48 /* star.png in Resources */ = {isa = PBXBuildFile; fileRef = 6FF33CA2122B17DA00390F48 /* star.png */; };
		8DD76F650486A84900D96B5E /* main.cpp in Sources */ = {isa = PBXBuildFile; fileRef = 08FB7796FE84155DC02AAC07 /* main.cpp */; settings = {ATTRIBUTES = (); }; };
		8DD76F6A0486A84900D96B5E /* platri.1 in CopyFiles */ = {isa = PBXBuildFile; fileRef = C6859E8B029090EE04C91782 /* platri.1 */; };
/* End PBXBuildFile section */

/* Begin PBXCopyFilesBuildPhase section */
		8DD76F690486A84900D96B5E /* CopyFiles */ = {
			isa = PBXCopyFilesBuildPhase;
			buildActionMask = 8;
			dstPath = /usr/share/man/man1/;
			dstSubfolderSpec = 0;
			files = (
				8DD76F6A0486A84900D96B5E /* platri.1 in CopyFiles */,
			);
			runOnlyForDeploymentPostprocessing = 1;
		};
/* End PBXCopyFilesBuildPhase section */

/* Begin PBXFileReference section */
		08FB7796FE84155DC02AAC07 /* main.cpp */ = {isa = PBXFileReference; fileEncoding = 4; lastKnownFileType = sourcecode.cpp.cpp; path = main.cpp; sourceTree = "<group>"; };
		6F1DBEF31226FA9B00E6B259 /* Graphic.h */ = {isa = PBXFileReference; fileEncoding = 4; lastKnownFileType = sourcecode.c.h; path = Graphic.h; sourceTree = "<group>"; };
		6F1DC07E1227E24400E6B259 /* Fader.h */ = {isa = PBXFileReference; fileEncoding = 4; lastKnownFileType = sourcecode.c.h; path = Fader.h; sourceTree = "<group>"; };
		6F1DC07F1227E24400E6B259 /* Fader.cpp */ = {isa = PBXFileReference; fileEncoding = 4; lastKnownFileType = sourcecode.cpp.cpp; path = Fader.cpp; sourceTree = "<group>"; };
		6FB888021226A28100DAD45F /* IpEndpointName.cpp */ = {isa = PBXFileReference; fileEncoding = 4; lastKnownFileType = sourcecode.cpp.cpp; path = IpEndpointName.cpp; sourceTree = "<group>"; };
		6FB888031226A28100DAD45F /* IpEndpointName.h */ = {isa = PBXFileReference; fileEncoding = 4; lastKnownFileType = sourcecode.c.h; path = IpEndpointName.h; sourceTree = "<group>"; };
		6FB888041226A28100DAD45F /* NetworkingUtils.h */ = {isa = PBXFileReference; fileEncoding = 4; lastKnownFileType = sourcecode.c.h; path = NetworkingUtils.h; sourceTree = "<group>"; };
		6FB888051226A28100DAD45F /* PacketListener.h */ = {isa = PBXFileReference; fileEncoding = 4; lastKnownFileType = sourcecode.c.h; path = PacketListener.h; sourceTree = "<group>"; };
		6FB888071226A28100DAD45F /* NetworkingUtils.cpp */ = {isa = PBXFileReference; fileEncoding = 4; lastKnownFileType = sourcecode.cpp.cpp; path = NetworkingUtils.cpp; sourceTree = "<group>"; };
		6FB888081226A28100DAD45F /* UdpSocket.cpp */ = {isa = PBXFileReference; fileEncoding = 4; lastKnownFileType = sourcecode.cpp.cpp; path = UdpSocket.cpp; sourceTree = "<group>"; };
		6FB888091226A28100DAD45F /* TimerListener.h */ = {isa = PBXFileReference; fileEncoding = 4; lastKnownFileType = sourcecode.c.h; path = TimerListener.h; sourceTree = "<group>"; };
		6FB8880A1226A28100DAD45F /* UdpSocket.h */ = {isa = PBXFileReference; fileEncoding = 4; lastKnownFileType = sourcecode.c.h; path = UdpSocket.h; sourceTree = "<group>"; };
		6FB888101226A28100DAD45F /* MessageMappingOscPacketListener.h */ = {isa = PBXFileReference; fileEncoding = 4; lastKnownFileType = sourcecode.c.h; path = MessageMappingOscPacketListener.h; sourceTree = "<group>"; };
		6FB888111226A28100DAD45F /* OscException.h */ = {isa = PBXFileReference; fileEncoding = 4; lastKnownFileType = sourcecode.c.h; path = OscException.h; sourceTree = "<group>"; };
		6FB888121226A28100DAD45F /* OscHostEndianness.h */ = {isa = PBXFileReference; fileEncoding = 4; lastKnownFileType = sourcecode.c.h; path = OscHostEndianness.h; sourceTree = "<group>"; };
		6FB888131226A28100DAD45F /* OscOutboundPacketStream.cpp */ = {isa = PBXFileReference; fileEncoding = 4; lastKnownFileType = sourcecode.cpp.cpp; path = OscOutboundPacketStream.cpp; sourceTree = "<group>"; };
		6FB888141226A28100DAD45F /* OscOutboundPacketStream.h */ = {isa = PBXFileReference; fileEncoding = 4; lastKnownFileType = sourcecode.c.h; path = OscOutboundPacketStream.h; sourceTree = "<group>"; };
		6FB888151226A28100DAD45F /* OscPacketListener.h */ = {isa = PBXFileReference; fileEncoding = 4; lastKnownFileType = sourcecode.c.h; path = OscPacketListener.h; sourceTree = "<group>"; };
		6FB888161226A28100DAD45F /* OscPrintReceivedElements.cpp */ = {isa = PBXFileReference; fileEncoding = 4; lastKnownFileType = sourcecode.cpp.cpp; path = OscPrintReceivedElements.cpp; sourceTree = "<group>"; };
		6FB888171226A28100DAD45F /* OscPrintReceivedElements.h */ = {isa = PBXFileReference; fileEncoding = 4; lastKnownFileType = sourcecode.c.h; path = OscPrintReceivedElements.h; sourceTree = "<group>"; };
		6FB888181226A28100DAD45F /* OscReceivedElements.cpp */ = {isa = PBXFileReference; fileEncoding = 4; lastKnownFileType = sourcecode.cpp.cpp; path = OscReceivedElements.cpp; sourceTree = "<group>"; };
		6FB888191226A28100DAD45F /* OscReceivedElements.h */ = {isa = PBXFileReference; fileEncoding = 4; lastKnownFileType = sourcecode.c.h; path = OscReceivedElements.h; sourceTree = "<group>"; };
		6FB8881A1226A28100DAD45F /* OscTypes.cpp */ = {isa = PBXFileReference; fileEncoding = 4; lastKnownFileType = sourcecode.cpp.cpp; path = OscTypes.cpp; sourceTree = "<group>"; };
		6FB8881B1226A28100DAD45F /* OscTypes.h */ = {isa = PBXFileReference; fileEncoding = 4; lastKnownFileType = sourcecode.c.h; path = OscTypes.h; sourceTree = "<group>"; };
		6FB888281226A28A00DAD45F /* TuioClient.cpp */ = {isa = PBXFileReference; fileEncoding = 4; lastKnownFileType = sourcecode.cpp.cpp; path = TuioClient.cpp; sourceTree = "<group>"; };
		6FB888291226A28B00DAD45F /* TuioClient.h */ = {isa = PBXFileReference; fileEncoding = 4; lastKnownFileType = sourcecode.c.h; path = TuioClient.h; sourceTree = "<group>"; };
		6FB8882A1226A28B00DAD45F /* TuioContainer.h */ = {isa = PBXFileReference; fileEncoding = 4; lastKnownFileType = sourcecode.c.h; path = TuioContainer.h; sourceTree = "<group>"; };
		6FB8882B1226A28B00DAD45F /* TuioCursor.h */ = {isa = PBXFileReference; fileEncoding = 4; lastKnownFileType = sourcecode.c.h; path = TuioCursor.h; sourceTree = "<group>"; };
		6FB8882C1226A28B00DAD45F /* TuioListener.h */ = {isa = PBXFileReference; fileEncoding = 4; lastKnownFileType = sourcecode.c.h; path = TuioListener.h; sourceTree = "<group>"; };
		6FB8882D1226A28B00DAD45F /* TuioObject.h */ = {isa = PBXFileReference; fileEncoding = 4; lastKnownFileType = sourcecode.c.h; path = TuioObject.h; sourceTree = "<group>"; };
		6FB8882E1226A28B00DAD45F /* TuioPoint.h */ = {isa = PBXFileReference; fileEncoding = 4; lastKnownFileType = sourcecode.c.h; path = TuioPoint.h; sourceTree = "<group>"; };
		6FB8882F1226A28B00DAD45F /* TuioServer.cpp */ = {isa = PBXFileReference; fileEncoding = 4; lastKnownFileType = sourcecode.cpp.cpp; path = TuioServer.cpp; sourceTree = "<group>"; };
		6FB888301226A28B00DAD45F /* TuioServer.h */ = {isa = PBXFileReference; fileEncoding = 4; lastKnownFileType = sourcecode.c.h; path = TuioServer.h; sourceTree = "<group>"; };
		6FB888311226A28B00DAD45F /* TuioTime.cpp */ = {isa = PBXFileReference; fileEncoding = 4; lastKnownFileType = sourcecode.cpp.cpp; path = TuioTime.cpp; sourceTree = "<group>"; };
		6FB888321226A28B00DAD45F /* TuioTime.h */ = {isa = PBXFileReference; fileEncoding = 4; lastKnownFileType = sourcecode.c.h; path = TuioTime.h; sourceTree = "<group>"; };
		6FB888361226A2A400DAD45F /* View.cpp */ = {isa = PBXFileReference; fileEncoding = 4; lastKnownFileType = sourcecode.cpp.cpp; path = View.cpp; sourceTree = "<group>"; };
		6FB888371226A2A400DAD45F /* View.h */ = {isa = PBXFileReference; fileEncoding = 4; lastKnownFileType = sourcecode.c.h; path = View.h; sourceTree = "<group>"; };
		6FB888391226A2B000DAD45F /* Application.cpp */ = {isa = PBXFileReference; fileEncoding = 4; lastKnownFileType = sourcecode.cpp.cpp; path = Application.cpp; sourceTree = "<group>"; };
		6FB8883A1226A2B000DAD45F /* Application.h */ = {isa = PBXFileReference; fileEncoding = 4; lastKnownFileType = sourcecode.c.h; path = Application.h; sourceTree = "<group>"; };
		6FB8883B1226A2B000DAD45F /* Cursor.cpp */ = {isa = PBXFileReference; fileEncoding = 4; lastKnownFileType = sourcecode.cpp.cpp; path = Cursor.cpp; sourceTree = "<group>"; };
		6FB8883C1226A2B000DAD45F /* Cursor.h */ = {isa = PBXFileReference; fileEncoding = 4; lastKnownFileType = sourcecode.c.h; path = Cursor.h; sourceTree = "<group>"; };
		6FB8883D1226A2B000DAD45F /* Manager.cpp */ = {isa = PBXFileReference; fileEncoding = 4; lastKnownFileType = sourcecode.cpp.cpp; path = Manager.cpp; sourceTree = "<group>"; };
		6FB8883E1226A2B000DAD45F /* Manager.h */ = {isa = PBXFileReference; fileEncoding = 4; lastKnownFileType = sourcecode.c.h; path = Manager.h; sourceTree = "<group>"; };
		6FB8883F1226A2B000DAD45F /* Object.cpp */ = {isa = PBXFileReference; fileEncoding = 4; lastKnownFileType = sourcecode.cpp.cpp; path = Object.cpp; sourceTree = "<group>"; };
		6FB888401226A2B000DAD45F /* Object.h */ = {isa = PBXFileReference; fileEncoding = 4; lastKnownFileType = sourcecode.c.h; path = Object.h; sourceTree = "<group>"; };
		6FB888411226A2B000DAD45F /* DemoApp.cpp */ = {isa = PBXFileReference; fileEncoding = 4; lastKnownFileType = sourcecode.cpp.cpp; path = DemoApp.cpp; sourceTree = "<group>"; };
		6FB888421226A2B000DAD45F /* DemoApp.h */ = {isa = PBXFileReference; fileEncoding = 4; lastKnownFileType = sourcecode.c.h; path = DemoApp.h; sourceTree = "<group>"; };
		6FB888491226A2C300DAD45F /* GLUT.framework */ = {isa = PBXFileReference; lastKnownFileType = wrapper.framework; name = GLUT.framework; path = System/Library/Frameworks/GLUT.framework; sourceTree = SDKROOT; };
		6FB8884B1226A2C300DAD45F /* OpenGL.framework */ = {isa = PBXFileReference; lastKnownFileType = wrapper.framework; name = OpenGL.framework; path = System/Library/Frameworks/OpenGL.framework; sourceTree = SDKROOT; };
		6FB888D51226B5BB00DAD45F /* helpers.h */ = {isa = PBXFileReference; fileEncoding = 4; lastKnownFileType = sourcecode.c.h; path = helpers.h; sourceTree = "<group>"; };
		6FB888D61226B5BB00DAD45F /* helpers.cpp */ = {isa = PBXFileReference; fileEncoding = 4; lastKnownFileType = sourcecode.cpp.cpp; path = helpers.cpp; sourceTree = "<group>"; };
		6FCFE37E122D22AB00950436 /* Node.h */ = {isa = PBXFileReference; fileEncoding = 4; lastKnownFileType = sourcecode.c.h; path = Node.h; sourceTree = "<group>"; };
		6FCFE3AB122D255700950436 /* config.h */ = {isa = PBXFileReference; fileEncoding = 4; lastKnownFileType = sourcecode.c.h; path = config.h; sourceTree = "<group>"; };
		6FCFE5BC122D378300950436 /* DirectedConnection.h */ = {isa = PBXFileReference; fileEncoding = 4; lastKnownFileType = sourcecode.c.h; path = DirectedConnection.h; sourceTree = "<group>"; };
		6FCFE732122D553900950436 /* DirectedConnection.cpp */ = {isa = PBXFileReference; fileEncoding = 4; lastKnownFileType = sourcecode.cpp.cpp; path = DirectedConnection.cpp; sourceTree = "<group>"; };
		6FEFBD4D12284D2F0097DBB7 /* stb_image.c */ = {isa = PBXFileReference; fileEncoding = 4; lastKnownFileType = sourcecode.c.c; path = stb_image.c; sourceTree = "<group>"; };
		6FEFBD5B12284E320097DBB7 /* stb_image.h */ = {isa = PBXFileReference; fileEncoding = 4; lastKnownFileType = sourcecode.c.h; path = stb_image.h; sourceTree = "<group>"; };
		6FF33C7B122B17A300390F48 /* Cocoa.framework */ = {isa = PBXFileReference; lastKnownFileType = wrapper.framework; name = Cocoa.framework; path = System/Library/Frameworks/Cocoa.framework; sourceTree = SDKROOT; };
		6FF33C8D122B17DA00390F48 /* circle200.png */ = {isa = PBXFileReference; lastKnownFileType = image.png; path = circle200.png; sourceTree = "<group>"; };
		6FF33C8E122B17DA00390F48 /* circle200blur.png */ = {isa = PBXFileReference; lastKnownFileType = image.png; path = circle200blur.png; sourceTree = "<group>"; };
		6FF33C90122B17DA00390F48 /* 0.png */ = {isa = PBXFileReference; lastKnownFileType = image.png; path = 0.png; sourceTree = "<group>"; };
		6FF33C91122B17DA00390F48 /* 1.png */ = {isa = PBXFileReference; lastKnownFileType = image.png; path = 1.png; sourceTree = "<group>"; };
		6FF33C92122B17DA00390F48 /* 10.png */ = {isa = PBXFileReference; lastKnownFileType = image.png; path = 10.png; sourceTree = "<group>"; };
		6FF33C93122B17DA00390F48 /* 11.png */ = {isa = PBXFileReference; lastKnownFileType = image.png; path = 11.png; sourceTree = "<group>"; };
		6FF33C94122B17DA00390F48 /* 12.png */ = {isa = PBXFileReference; lastKnownFileType = image.png; path = 12.png; sourceTree = "<group>"; };
		6FF33C95122B17DA00390F48 /* 13.png */ = {isa = PBXFileReference; lastKnownFileType = image.png; path = 13.png; sourceTree = "<group>"; };
		6FF33C96122B17DA00390F48 /* 14.png */ = {isa = PBXFileReference; lastKnownFileType = image.png; path = 14.png; sourceTree = "<group>"; };
		6FF33C97122B17DA00390F48 /* 15.png */ = {isa = PBXFileReference; lastKnownFileType = image.png; path = 15.png; sourceTree = "<group>"; };
		6FF33C98122B17DA00390F48 /* 16.png */ = {isa = PBXFileReference; lastKnownFileType = image.png; path = 16.png; sourceTree = "<group>"; };
		6FF33C99122B17DA00390F48 /* 2.png */ = {isa = PBXFileReference; lastKnownFileType = image.png; path = 2.png; sourceTree = "<group>"; };
		6FF33C9A122B17DA00390F48 /* 3.png */ = {isa = PBXFileReference; lastKnownFileType = image.png; path = 3.png; sourceTree = "<group>"; };
		6FF33C9B122B17DA00390F48 /* 4.png */ = {isa = PBXFileReference; lastKnownFileType = image.png; path = 4.png; sourceTree = "<group>"; };
		6FF33C9C122B17DA00390F48 /* 5.png */ = {isa = PBXFileReference; lastKnownFileType = image.png; path = 5.png; sourceTree = "<group>"; };
		6FF33C9D122B17DA00390F48 /* 6.png */ = {isa = PBXFileReference; lastKnownFileType = image.png; path = 6.png; sourceTree = "<group>"; };
		6FF33C9E122B17DA00390F48 /* 7.png */ = {isa = PBXFileReference; lastKnownFileType = image.png; path = 7.png; sourceTree = "<group>"; };
		6FF33C9F122B17DA00390F48 /* 8.png */ = {isa = PBXFileReference; lastKnownFileType = image.png; path = 8.png; sourceTree = "<group>"; };
		6FF33CA0122B17DA00390F48 /* 9.png */ = {isa = PBXFileReference; lastKnownFileType = image.png; path = 9.png; sourceTree = "<group>"; };
		6FF33CA1122B17DA00390F48 /* flare.png */ = {isa = PBXFileReference; lastKnownFileType = image.png; path = flare.png; sourceTree = "<group>"; };
		6FF33CA2122B17DA00390F48 /* star.png */ = {isa = PBXFileReference; lastKnownFileType = image.png; path = star.png; sourceTree = "<group>"; };
		8DD76F6C0486A84900D96B5E /* platri */ = {isa = PBXFileReference; explicitFileType = "compiled.mach-o.executable"; includeInIndex = 0; path = platri; sourceTree = BUILT_PRODUCTS_DIR; };
		C6859E8B029090EE04C91782 /* platri.1 */ = {isa = PBXFileReference; lastKnownFileType = text.man; path = platri.1; sourceTree = "<group>"; };
/* End PBXFileReference section */

/* Begin PBXFrameworksBuildPhase section */
		8DD76F660486A84900D96B5E /* Frameworks */ = {
			isa = PBXFrameworksBuildPhase;
			buildActionMask = 2147483647;
			files = (
				6FB8884A1226A2C300DAD45F /* GLUT.framework in Frameworks */,
				6FB8884C1226A2C300DAD45F /* OpenGL.framework in Frameworks */,
			);
			runOnlyForDeploymentPostprocessing = 0;
		};
/* End PBXFrameworksBuildPhase section */

/* Begin PBXGroup section */
		08FB7794FE84155DC02AAC07 /* platri */ = {
			isa = PBXGroup;
			children = (
				6FB8886A1226A53C00DAD45F /* Apps */,
				6FB888271226A28A00DAD45F /* TUIO */,
				6FB887FF1226A28100DAD45F /* oscpack */,
				08FB7795FE84155DC02AAC07 /* Source */,
				6FF33C8C122B17DA00390F48 /* Resources */,
				C6859E8C029090F304C91782 /* Documentation */,
				1AB674ADFE9D54B511CA2CBB /* Products */,
				6FB8884D1226A2CA00DAD45F /* Linked Frameworks */,
				6FF33C7B122B17A300390F48 /* Cocoa.framework */,
			);
			name = platri;
			sourceTree = "<group>";
		};
		08FB7795FE84155DC02AAC07 /* Source */ = {
			isa = PBXGroup;
			children = (
				6FEFBD4D12284D2F0097DBB7 /* stb_image.c */,
				6FEFBD5B12284E320097DBB7 /* stb_image.h */,
				6F1DC07C1227E23800E6B259 /* Objects */,
				6FB888D41226B5A400DAD45F /* OpenGL */,
				08FB7796FE84155DC02AAC07 /* main.cpp */,
				6FB888391226A2B000DAD45F /* Application.cpp */,
				6FB8883A1226A2B000DAD45F /* Application.h */,
				6FB8883D1226A2B000DAD45F /* Manager.cpp */,
				6FB8883E1226A2B000DAD45F /* Manager.h */,
				6FB8883B1226A2B000DAD45F /* Cursor.cpp */,
				6FB8883C1226A2B000DAD45F /* Cursor.h */,
				6FB8883F1226A2B000DAD45F /* Object.cpp */,
				6FB888401226A2B000DAD45F /* Object.h */,
				6FB888361226A2A400DAD45F /* View.cpp */,
				6FB888371226A2A400DAD45F /* View.h */,
				6F1DBEF31226FA9B00E6B259 /* Graphic.h */,
				6FCFE37E122D22AB00950436 /* Node.h */,
				6FCFE3AB122D255700950436 /* config.h */,
				6FCFE5BC122D378300950436 /* DirectedConnection.h */,
				6FCFE732122D553900950436 /* DirectedConnection.cpp */,
			);
			name = Source;
			sourceTree = "<group>";
		};
		1AB674ADFE9D54B511CA2CBB /* Products */ = {
			isa = PBXGroup;
			children = (
				8DD76F6C0486A84900D96B5E /* platri */,
			);
			name = Products;
			sourceTree = "<group>";
		};
		6F1DC07C1227E23800E6B259 /* Objects */ = {
			isa = PBXGroup;
			children = (
				6F1DC07E1227E24400E6B259 /* Fader.h */,
				6F1DC07F1227E24400E6B259 /* Fader.cpp */,
			);
			name = Objects;
			sourceTree = "<group>";
		};
		6FB887FF1226A28100DAD45F /* oscpack */ = {
			isa = PBXGroup;
			children = (
				6FB888011226A28100DAD45F /* ip */,
				6FB8880F1226A28100DAD45F /* osc */,
			);
			path = oscpack;
			sourceTree = "<group>";
		};
		6FB888011226A28100DAD45F /* ip */ = {
			isa = PBXGroup;
			children = (
				6FB888021226A28100DAD45F /* IpEndpointName.cpp */,
				6FB888031226A28100DAD45F /* IpEndpointName.h */,
				6FB888041226A28100DAD45F /* NetworkingUtils.h */,
				6FB888051226A28100DAD45F /* PacketListener.h */,
				6FB888061226A28100DAD45F /* posix */,
				6FB888091226A28100DAD45F /* TimerListener.h */,
				6FB8880A1226A28100DAD45F /* UdpSocket.h */,
			);
			path = ip;
			sourceTree = "<group>";
		};
		6FB888061226A28100DAD45F /* posix */ = {
			isa = PBXGroup;
			children = (
				6FB888071226A28100DAD45F /* NetworkingUtils.cpp */,
				6FB888081226A28100DAD45F /* UdpSocket.cpp */,
			);
			path = posix;
			sourceTree = "<group>";
		};
		6FB8880F1226A28100DAD45F /* osc */ = {
			isa = PBXGroup;
			children = (
				6FB888101226A28100DAD45F /* MessageMappingOscPacketListener.h */,
				6FB888111226A28100DAD45F /* OscException.h */,
				6FB888121226A28100DAD45F /* OscHostEndianness.h */,
				6FB888131226A28100DAD45F /* OscOutboundPacketStream.cpp */,
				6FB888141226A28100DAD45F /* OscOutboundPacketStream.h */,
				6FB888151226A28100DAD45F /* OscPacketListener.h */,
				6FB888161226A28100DAD45F /* OscPrintReceivedElements.cpp */,
				6FB888171226A28100DAD45F /* OscPrintReceivedElements.h */,
				6FB888181226A28100DAD45F /* OscReceivedElements.cpp */,
				6FB888191226A28100DAD45F /* OscReceivedElements.h */,
				6FB8881A1226A28100DAD45F /* OscTypes.cpp */,
				6FB8881B1226A28100DAD45F /* OscTypes.h */,
			);
			path = osc;
			sourceTree = "<group>";
		};
		6FB888271226A28A00DAD45F /* TUIO */ = {
			isa = PBXGroup;
			children = (
				6FB888281226A28A00DAD45F /* TuioClient.cpp */,
				6FB888291226A28B00DAD45F /* TuioClient.h */,
				6FB8882A1226A28B00DAD45F /* TuioContainer.h */,
				6FB8882B1226A28B00DAD45F /* TuioCursor.h */,
				6FB8882C1226A28B00DAD45F /* TuioListener.h */,
				6FB8882D1226A28B00DAD45F /* TuioObject.h */,
				6FB8882E1226A28B00DAD45F /* TuioPoint.h */,
				6FB8882F1226A28B00DAD45F /* TuioServer.cpp */,
				6FB888301226A28B00DAD45F /* TuioServer.h */,
				6FB888311226A28B00DAD45F /* TuioTime.cpp */,
				6FB888321226A28B00DAD45F /* TuioTime.h */,
			);
			path = TUIO;
			sourceTree = "<group>";
		};
		6FB8884D1226A2CA00DAD45F /* Linked Frameworks */ = {
			isa = PBXGroup;
			children = (
				6FB888491226A2C300DAD45F /* GLUT.framework */,
				6FB8884B1226A2C300DAD45F /* OpenGL.framework */,
			);
			name = "Linked Frameworks";
			sourceTree = "<group>";
		};
		6FB8886A1226A53C00DAD45F /* Apps */ = {
			isa = PBXGroup;
			children = (
				6FB8886B1226A54200DAD45F /* Demo */,
			);
			name = Apps;
			sourceTree = "<group>";
		};
		6FB8886B1226A54200DAD45F /* Demo */ = {
			isa = PBXGroup;
			children = (
				6FB888411226A2B000DAD45F /* DemoApp.cpp */,
				6FB888421226A2B000DAD45F /* DemoApp.h */,
			);
			name = Demo;
			sourceTree = "<group>";
		};
		6FB888D41226B5A400DAD45F /* OpenGL */ = {
			isa = PBXGroup;
			children = (
				6FB888D51226B5BB00DAD45F /* helpers.h */,
				6FB888D61226B5BB00DAD45F /* helpers.cpp */,
			);
			name = OpenGL;
			sourceTree = "<group>";
		};
		6FF33C8C122B17DA00390F48 /* Resources */ = {
			isa = PBXGroup;
			children = (
				6FF33C8D122B17DA00390F48 /* circle200.png */,
				6FF33C8E122B17DA00390F48 /* circle200blur.png */,
				6FF33C8F122B17DA00390F48 /* fader */,
				6FF33CA1122B17DA00390F48 /* flare.png */,
				6FF33CA2122B17DA00390F48 /* star.png */,
			);
			path = Resources;
			sourceTree = "<group>";
		};
		6FF33C8F122B17DA00390F48 /* fader */ = {
			isa = PBXGroup;
			children = (
				6FF33C90122B17DA00390F48 /* 0.png */,
				6FF33C91122B17DA00390F48 /* 1.png */,
				6FF33C92122B17DA00390F48 /* 10.png */,
				6FF33C93122B17DA00390F48 /* 11.png */,
				6FF33C94122B17DA00390F48 /* 12.png */,
				6FF33C95122B17DA00390F48 /* 13.png */,
				6FF33C96122B17DA00390F48 /* 14.png */,
				6FF33C97122B17DA00390F48 /* 15.png */,
				6FF33C98122B17DA00390F48 /* 16.png */,
				6FF33C99122B17DA00390F48 /* 2.png */,
				6FF33C9A122B17DA00390F48 /* 3.png */,
				6FF33C9B122B17DA00390F48 /* 4.png */,
				6FF33C9C122B17DA00390F48 /* 5.png */,
				6FF33C9D122B17DA00390F48 /* 6.png */,
				6FF33C9E122B17DA00390F48 /* 7.png */,
				6FF33C9F122B17DA00390F48 /* 8.png */,
				6FF33CA0122B17DA00390F48 /* 9.png */,
			);
			path = fader;
			sourceTree = "<group>";
		};
		C6859E8C029090F304C91782 /* Documentation */ = {
			isa = PBXGroup;
			children = (
				C6859E8B029090EE04C91782 /* platri.1 */,
			);
			name = Documentation;
			sourceTree = "<group>";
		};
/* End PBXGroup section */

/* Begin PBXNativeTarget section */
		8DD76F620486A84900D96B5E /* platri */ = {
			isa = PBXNativeTarget;
			buildConfigurationList = 1DEB923108733DC60010E9CD /* Build configuration list for PBXNativeTarget "platri" */;
			buildPhases = (
				8DD76F640486A84900D96B5E /* Sources */,
				8DD76F660486A84900D96B5E /* Frameworks */,
				8DD76F690486A84900D96B5E /* CopyFiles */,
				6FEFBEA6122861720097DBB7 /* Resources */,
			);
			buildRules = (
			);
			dependencies = (
			);
			name = platri;
			productInstallPath = "$(HOME)/bin";
			productName = platri;
			productReference = 8DD76F6C0486A84900D96B5E /* platri */;
			productType = "com.apple.product-type.tool";
		};
/* End PBXNativeTarget section */

/* Begin PBXProject section */
		08FB7793FE84155DC02AAC07 /* Project object */ = {
			isa = PBXProject;
			buildConfigurationList = 1DEB923508733DC60010E9CD /* Build configuration list for PBXProject "platri" */;
			compatibilityVersion = "Xcode 3.1";
			hasScannedForEncodings = 1;
			mainGroup = 08FB7794FE84155DC02AAC07 /* platri */;
			projectDirPath = "";
			projectRoot = "";
			targets = (
				8DD76F620486A84900D96B5E /* platri */,
			);
		};
/* End PBXProject section */

/* Begin PBXResourcesBuildPhase section */
		6FEFBEA6122861720097DBB7 /* Resources */ = {
			isa = PBXResourcesBuildPhase;
			buildActionMask = 2147483647;
			files = (
				6FF33CA3122B17DA00390F48 /* circle200.png in Resources */,
				6FF33CA4122B17DA00390F48 /* circle200blur.png in Resources */,
				6FF33CA5122B17DA00390F48 /* 0.png in Resources */,
				6FF33CA6122B17DA00390F48 /* 1.png in Resources */,
				6FF33CA7122B17DA00390F48 /* 10.png in Resources */,
				6FF33CA8122B17DA00390F48 /* 11.png in Resources */,
				6FF33CA9122B17DA00390F48 /* 12.png in Resources */,
				6FF33CAA122B17DA00390F48 /* 13.png in Resources */,
				6FF33CAB122B17DA00390F48 /* 14.png in Resources */,
				6FF33CAC122B17DA00390F48 /* 15.png in Resources */,
				6FF33CAD122B17DA00390F48 /* 16.png in Resources */,
				6FF33CAE122B17DA00390F48 /* 2.png in Resources */,
				6FF33CAF122B17DA00390F48 /* 3.png in Resources */,
				6FF33CB0122B17DA00390F48 /* 4.png in Resources */,
				6FF33CB1122B17DA00390F48 /* 5.png in Resources */,
				6FF33CB2122B17DA00390F48 /* 6.png in Resources */,
				6FF33CB3122B17DA00390F48 /* 7.png in Resources */,
				6FF33CB4122B17DA00390F48 /* 8.png in Resources */,
				6FF33CB5122B17DA00390F48 /* 9.png in Resources */,
				6FF33CB6122B17DA00390F48 /* flare.png in Resources */,
				6FF33CB7122B17DA00390F48 /* star.png in Resources */,
			);
			runOnlyForDeploymentPostprocessing = 0;
		};
/* End PBXResourcesBuildPhase section */

/* Begin PBXSourcesBuildPhase section */
		8DD76F640486A84900D96B5E /* Sources */ = {
			isa = PBXSourcesBuildPhase;
			buildActionMask = 2147483647;
			files = (
				8DD76F650486A84900D96B5E /* main.cpp in Sources */,
				6FB8881E1226A28100DAD45F /* IpEndpointName.cpp in Sources */,
				6FB8881F1226A28100DAD45F /* NetworkingUtils.cpp in Sources */,
				6FB888201226A28100DAD45F /* UdpSocket.cpp in Sources */,
				6FB888231226A28100DAD45F /* OscOutboundPacketStream.cpp in Sources */,
				6FB888241226A28100DAD45F /* OscPrintReceivedElements.cpp in Sources */,
				6FB888251226A28100DAD45F /* OscReceivedElements.cpp in Sources */,
				6FB888261226A28100DAD45F /* OscTypes.cpp in Sources */,
				6FB888331226A28B00DAD45F /* TuioClient.cpp in Sources */,
				6FB888341226A28B00DAD45F /* TuioServer.cpp in Sources */,
				6FB888351226A28B00DAD45F /* TuioTime.cpp in Sources */,
				6FB888381226A2A400DAD45F /* View.cpp in Sources */,
				6FB888431226A2B000DAD45F /* Application.cpp in Sources */,
				6FB888441226A2B000DAD45F /* Cursor.cpp in Sources */,
				6FB888451226A2B000DAD45F /* Manager.cpp in Sources */,
				6FB888461226A2B000DAD45F /* Object.cpp in Sources */,
				6FB888471226A2B000DAD45F /* DemoApp.cpp in Sources */,
				6FB888D71226B5BB00DAD45F /* helpers.cpp in Sources */,
				6F1DC0801227E24400E6B259 /* Fader.cpp in Sources */,
				6FEFBD4E12284D2F0097DBB7 /* stb_image.c in Sources */,
				6FCFE733122D553900950436 /* DirectedConnection.cpp in Sources */,
			);
			runOnlyForDeploymentPostprocessing = 0;
		};
/* End PBXSourcesBuildPhase section */

/* Begin XCBuildConfiguration section */
		1DEB923208733DC60010E9CD /* Debug */ = {
			isa = XCBuildConfiguration;
			buildSettings = {
				ALWAYS_SEARCH_USER_PATHS = NO;
				COPY_PHASE_STRIP = NO;
				GCC_DYNAMIC_NO_PIC = NO;
				GCC_ENABLE_FIX_AND_CONTINUE = YES;
				GCC_MODEL_TUNING = G5;
				GCC_OPTIMIZATION_LEVEL = 0;
				GCC_VERSION = com.apple.compilers.llvm.clang.1_0;
				INSTALL_PATH = /usr/local/bin;
				PRODUCT_NAME = platri;
			};
			name = Debug;
		};
		1DEB923308733DC60010E9CD /* Release */ = {
			isa = XCBuildConfiguration;
			buildSettings = {
				ALWAYS_SEARCH_USER_PATHS = NO;
				DEBUG_INFORMATION_FORMAT = "dwarf-with-dsym";
				GCC_MODEL_TUNING = G5;
				HEADER_SEARCH_PATHS = ./oscpack;
				INSTALL_PATH = /usr/local/bin;
				PRODUCT_NAME = platri;
			};
			name = Release;
		};
		1DEB923608733DC60010E9CD /* Debug */ = {
			isa = XCBuildConfiguration;
			buildSettings = {
				ARCHS = "$(ARCHS_STANDARD_32_64_BIT)";
				GCC_C_LANGUAGE_STANDARD = gnu99;
				GCC_OPTIMIZATION_LEVEL = 0;
				GCC_WARN_ABOUT_RETURN_TYPE = YES;
				GCC_WARN_UNUSED_VARIABLE = YES;
				HEADER_SEARCH_PATHS = ./oscpack;
				ONLY_ACTIVE_ARCH = YES;
				PREBINDING = NO;
				SDKROOT = macosx10.6;
			};
			name = Debug;
		};
		1DEB923708733DC60010E9CD /* Release */ = {
			isa = XCBuildConfiguration;
			buildSettings = {
				ARCHS = "$(ARCHS_STANDARD_32_64_BIT)";
				GCC_C_LANGUAGE_STANDARD = gnu99;
				GCC_WARN_ABOUT_RETURN_TYPE = YES;
				GCC_WARN_UNUSED_VARIABLE = YES;
				PREBINDING = NO;
				SDKROOT = macosx10.6;
			};
			name = Release;
		};
/* End XCBuildConfiguration section */

/* Begin XCConfigurationList section */
		1DEB923108733DC60010E9CD /* Build configuration list for PBXNativeTarget "platri" */ = {
			isa = XCConfigurationList;
			buildConfigurations = (
				1DEB923208733DC60010E9CD /* Debug */,
				1DEB923308733DC60010E9CD /* Release */,
			);
			defaultConfigurationIsVisible = 0;
			defaultConfigurationName = Release;
		};
		1DEB923508733DC60010E9CD /* Build configuration list for PBXProject "platri" */ = {
			isa = XCConfigurationList;
			buildConfigurations = (
				1DEB923608733DC60010E9CD /* Debug */,
				1DEB923708733DC60010E9CD /* Release */,
			);
			defaultConfigurationIsVisible = 0;
			defaultConfigurationName = Release;
		};
/* End XCConfigurationList section */
	};
	rootObject = 08FB7793FE84155DC02AAC07 /* Project object */;
}
